
Microsoft Visual Studio Solution File, Format Version 12.00
# Visual Studio Version 16
VisualStudioVersion = 16.0.31025.194
MinimumVisualStudioVersion = 10.0.40219.1
Project("{9A19103F-16F7-4668-BE54-9A1E7A4F7556}") = "DBCW", "DBCW\DBCW.csproj", "{B0CB3590-73FD-4D82-9851-A9F503677D4E}"
EndProject
Project("{FAE04EC0-301F-11D3-BF4B-00C04F79EFBC}") = "Employeer", "Employeer\Employeer.csproj", "{113139AD-9CE3-4E1A-95B1-C2456C4F13C2}"
EndProject
Global
	GlobalSection(SolutionConfigurationPlatforms) = preSolution
		Debug|Any CPU = Debug|Any CPU
		Release|Any CPU = Release|Any CPU
	EndGlobalSection
	GlobalSection(ProjectConfigurationPlatforms) = postSolution
		{B0CB3590-73FD-4D82-9851-A9F503677D4E}.Debug|Any CPU.ActiveCfg = Debug|Any CPU
		{B0CB3590-73FD-4D82-9851-A9F503677D4E}.Debug|Any CPU.Build.0 = Debug|Any CPU
		{B0CB3590-73FD-4D82-9851-A9F503677D4E}.Release|Any CPU.ActiveCfg = Release|Any CPU
		{B0CB3590-73FD-4D82-9851-A9F503677D4E}.Release|Any CPU.Build.0 = Release|Any CPU
		{113139AD-9CE3-4E1A-95B1-C2456C4F13C2}.Debug|Any CPU.ActiveCfg = Debug|Any CPU
		{113139AD-9CE3-4E1A-95B1-C2456C4F13C2}.Debug|Any CPU.Build.0 = Debug|Any CPU
		{113139AD-9CE3-4E1A-95B1-C2456C4F13C2}.Release|Any CPU.ActiveCfg = Release|Any CPU
		{113139AD-9CE3-4E1A-95B1-C2456C4F13C2}.Release|Any CPU.Build.0 = Release|Any CPU
	EndGlobalSection
	GlobalSection(SolutionProperties) = preSolution
		HideSolutionNode = FALSE
	EndGlobalSection
	GlobalSection(ExtensibilityGlobals) = postSolution
		SolutionGuid = {043E895D-A6E8-41D5-922B-D529A5301F9D}
	EndGlobalSection
EndGlobal
